
Microsoft Visual Studio Solution File, Format Version 12.00
# Visual Studio Version 17
VisualStudioVersion = 17.11.35327.3
MinimumVisualStudioVersion = 10.0.40219.1
Project("{FAE04EC0-301F-11D3-BF4B-00C04F79EFBC}") = "Exercicios DOO", "Exercicios DOO\Exercicios DOO.csproj", "{33AC6954-0420-46AE-9822-EC88E580CE71}"
EndProject
Global
	GlobalSection(SolutionConfigurationPlatforms) = preSolution
		Debug|Any CPU = Debug|Any CPU
		Release|Any CPU = Release|Any CPU
	EndGlobalSection
	GlobalSection(ProjectConfigurationPlatforms) = postSolution
		{33AC6954-0420-46AE-9822-EC88E580CE71}.Debug|Any CPU.ActiveCfg = Debug|Any CPU
		{33AC6954-0420-46AE-9822-EC88E580CE71}.Debug|Any CPU.Build.0 = Debug|Any CPU
		{33AC6954-0420-46AE-9822-EC88E580CE71}.Release|Any CPU.ActiveCfg = Release|Any CPU
		{33AC6954-0420-46AE-9822-EC88E580CE71}.Release|Any CPU.Build.0 = Release|Any CPU
	EndGlobalSection
	GlobalSection(SolutionProperties) = preSolution
		HideSolutionNode = FALSE
	EndGlobalSection
	GlobalSection(ExtensibilityGlobals) = postSolution
		SolutionGuid = {9D637709-9D7B-4272-8C0B-9EA794CEFFE5}
	EndGlobalSection
EndGlobal
